
Microsoft Visual Studio Solution File, Format Version 12.00
# Visual Studio Version 17
VisualStudioVersion = 17.7.34024.191
MinimumVisualStudioVersion = 10.0.40219.1
Project("{9A19103F-16F7-4668-BE54-9A1E7A4F7556}") = "Entidades", "Entidades\Entidades.csproj", "{AE37E9D7-1984-4FBC-9070-18F3A506BA5E}"
EndProject
Project("{9A19103F-16F7-4668-BE54-9A1E7A4F7556}") = "Formularios", "Formularios\Formularios.csproj", "{D22BB37B-3CEB-4217-A98F-378111233A22}"
EndProject
Project("{9A19103F-16F7-4668-BE54-9A1E7A4F7556}") = "TestUnitarios", "TestUnitarios\TestUnitarios.csproj", "{1D808A2B-6A92-49E5-8594-10FF581F1931}"
EndProject
Global
	GlobalSection(SolutionConfigurationPlatforms) = preSolution
		Debug|Any CPU = Debug|Any CPU
		Release|Any CPU = Release|Any CPU
	EndGlobalSection
	GlobalSection(ProjectConfigurationPlatforms) = postSolution
		{AE37E9D7-1984-4FBC-9070-18F3A506BA5E}.Debug|Any CPU.ActiveCfg = Debug|Any CPU
		{AE37E9D7-1984-4FBC-9070-18F3A506BA5E}.Debug|Any CPU.Build.0 = Debug|Any CPU
		{AE37E9D7-1984-4FBC-9070-18F3A506BA5E}.Release|Any CPU.ActiveCfg = Release|Any CPU
		{AE37E9D7-1984-4FBC-9070-18F3A506BA5E}.Release|Any CPU.Build.0 = Release|Any CPU
		{D22BB37B-3CEB-4217-A98F-378111233A22}.Debug|Any CPU.ActiveCfg = Debug|Any CPU
		{D22BB37B-3CEB-4217-A98F-378111233A22}.Debug|Any CPU.Build.0 = Debug|Any CPU
		{D22BB37B-3CEB-4217-A98F-378111233A22}.Release|Any CPU.ActiveCfg = Release|Any CPU
		{D22BB37B-3CEB-4217-A98F-378111233A22}.Release|Any CPU.Build.0 = Release|Any CPU
		{1D808A2B-6A92-49E5-8594-10FF581F1931}.Debug|Any CPU.ActiveCfg = Debug|Any CPU
		{1D808A2B-6A92-49E5-8594-10FF581F1931}.Debug|Any CPU.Build.0 = Debug|Any CPU
		{1D808A2B-6A92-49E5-8594-10FF581F1931}.Release|Any CPU.ActiveCfg = Release|Any CPU
		{1D808A2B-6A92-49E5-8594-10FF581F1931}.Release|Any CPU.Build.0 = Release|Any CPU
	EndGlobalSection
	GlobalSection(SolutionProperties) = preSolution
		HideSolutionNode = FALSE
	EndGlobalSection
	GlobalSection(ExtensibilityGlobals) = postSolution
		SolutionGuid = {905D2CA7-2275-4CB8-BF0F-410FFAAFACFB}
	EndGlobalSection
EndGlobal
